{
  "nodes": {
    "nixpkgs": {
      "locked": {
        "lastModified": 1756464236,
        "narHash": "sha256-7ih+v0IjA9k/D0R2PH+5Rcgj2tvNPkH44GYYTfbzQyI=",
        "owner": "ConnorBaker",
        "repo": "nixpkgs",
        "rev": "8569221ee097fe4efe7ab7a8210b8707a50b84a4",
        "type": "github"
      },
      "original": {
        "owner": "ConnorBaker",
        "ref": "feat/cuda-packaging-refactor",
        "repo": "nixpkgs",
        "type": "github"
      }
    },
    "root": {
      "inputs": {
        "nixpkgs": "nixpkgs",
        "stream-diffusion": "stream-diffusion"
      }
    },
    "stream-diffusion": {
      "flake": false,
      "locked": {
        "lastModified": 1742794326,
        "narHash": "sha256-fmWSUYUHUVTN+GxEncdvclwUFKwAnHq8YEMb6hDX26Y=",
        "owner": "cumulo-autumn",
        "repo": "StreamDiffusion",
        "rev": "e3d822292d413b570cadbee88585b9991601a886",
        "type": "github"
      },
      "original": {
        "owner": "cumulo-autumn",
        "ref": "pull/188/merge",
        "repo": "StreamDiffusion",
        "type": "github"
      }
    }
  },
  "root": "root",
  "version": 7
}
